
Microsoft Visual Studio Solution File, Format Version 11.00
# Visual Studio 2010
Project("{FAE04EC0-301F-11D3-BF4B-00C04F79EFBC}") = "MyLife", "MyLife.csproj", "{E515BC9E-6096-45A6-8573-75A0CDCDC4FF}"
EndProject
Global
	GlobalSection(SolutionConfigurationPlatforms) = preSolution
		Debug|x86 = Debug|x86
		Release|x86 = Release|x86
	EndGlobalSection
	GlobalSection(ProjectConfigurationPlatforms) = postSolution
		{E515BC9E-6096-45A6-8573-75A0CDCDC4FF}.Debug|x86.ActiveCfg = Release|x86
		{E515BC9E-6096-45A6-8573-75A0CDCDC4FF}.Debug|x86.Build.0 = Release|x86
		{E515BC9E-6096-45A6-8573-75A0CDCDC4FF}.Release|x86.ActiveCfg = Release|x86
		{E515BC9E-6096-45A6-8573-75A0CDCDC4FF}.Release|x86.Build.0 = Release|x86
	EndGlobalSection
	GlobalSection(SolutionProperties) = preSolution
		HideSolutionNode = FALSE
	EndGlobalSection
EndGlobal
